{
  "name": "vui-docs",
  "lockfileVersion": 3,
  "requires": true,
  "packages": {
    "": {
      "name": "vui-docs",
      "dependencies": {
        "@mdn/browser-compat-data": "latest"
      }
    },
    "node_modules/@mdn/browser-compat-data": {
      "version": "7.3.6",
      "resolved": "https://registry.npmjs.org/@mdn/browser-compat-data/-/browser-compat-data-7.3.6.tgz",
      "integrity": "sha512-eLTmNSxv2DaDO1Hq7C9lwQbThlF5+vMMUQfIl6xRPSC2q6EcFXhim4Mc9uxHNxcPvDFCdB3qviMFDdAzQVhYcw==",
      "license": "CC0-1.0"
    }
  }
}
